{
  "name": "ad-view",
  "version": "1.0.0",
  "lockfileVersion": 1,
  "requires": true,
  "dependencies": {
    "ad-control": {
      "version": "git://github.com/ff0000-ad-tech/ad-control.git#53dea99ba50b50efb2ac76e03c874143519116e3",
      "requires": {
        "ad-events": "git://github.com/ff0000-ad-tech/ad-events.git#238f7597d40d72eff5f940dc0c681be55ce1dd14",
        "ad-external": "git://github.com/ff0000-ad-tech/ad-external.git#2c1d12032d2ac77ea28f3361c31ce58059943ddc",
        "ad-geom": "git://github.com/ff0000-ad-tech/ad-geom.git#4128954ff5d6196af548581961b2f14e33f0840e",
        "ad-load": "git://github.com/ff0000-ad-tech/ad-load.git#35084ad1690a1b01642f1f3993d108611926c36f",
        "ad-utils": "git://github.com/ff0000-ad-tech/ad-utils.git#c69f348c18df4cc9bc23cd8d2fa04a24f0035edf",
        "ad-view": "git://github.com/ff0000-ad-tech/ad-view.git#ac15418126b96d742b09a719bb9c0e67e1fdd625"
      },
      "dependencies": {
        "ad-utils": {
          "version": "git://github.com/ff0000-ad-tech/ad-utils.git#c69f348c18df4cc9bc23cd8d2fa04a24f0035edf",
          "requires": {
            "ad-view": "git://github.com/ff0000-ad-tech/ad-view.git#ac15418126b96d742b09a719bb9c0e67e1fdd625"
          }
        }
      }
    },
    "ad-dates": {
      "version": "git://github.com/ff0000-ad-tech/ad-dates.git#37595d7d2ce3140c51fac319f2d5561a9c175f05",
      "requires": {
        "ad-dates": "git://github.com/ff0000-ad-tech/ad-dates.git#37595d7d2ce3140c51fac319f2d5561a9c175f05",
        "ad-legacy": "git://github.com/ff0000-ad-tech/ad-legacy.git#b306dd86add0d2087372d457b15bd2542b7655a1",
        "ad-load": "git://github.com/ff0000-ad-tech/ad-load.git#35084ad1690a1b01642f1f3993d108611926c36f",
        "ad-utils": "git://github.com/ff0000-ad-tech/ad-utils.git#c69f348c18df4cc9bc23cd8d2fa04a24f0035edf"
      },
      "dependencies": {
        "ad-utils": {
          "version": "git://github.com/ff0000-ad-tech/ad-utils.git#c69f348c18df4cc9bc23cd8d2fa04a24f0035edf",
          "requires": {
            "ad-view": "git://github.com/ff0000-ad-tech/ad-view.git#ac15418126b96d742b09a719bb9c0e67e1fdd625"
          }
        }
      }
    },
    "ad-events": {
      "version": "git://github.com/ff0000-ad-tech/ad-events.git#238f7597d40d72eff5f940dc0c681be55ce1dd14",
      "requires": {
        "ad-external": "git://github.com/ff0000-ad-tech/ad-external.git#2c1d12032d2ac77ea28f3361c31ce58059943ddc",
        "ad-view": "git://github.com/ff0000-ad-tech/ad-view.git#ac15418126b96d742b09a719bb9c0e67e1fdd625"
      }
    },
    "ad-external": {
      "version": "git://github.com/ff0000-ad-tech/ad-external.git#2c1d12032d2ac77ea28f3361c31ce58059943ddc",
      "requires": {
        "ad-dates": "git://github.com/ff0000-ad-tech/ad-dates.git#37595d7d2ce3140c51fac319f2d5561a9c175f05",
        "ad-legacy": "git://github.com/ff0000-ad-tech/ad-legacy.git#b306dd86add0d2087372d457b15bd2542b7655a1",
        "ad-load": "git://github.com/ff0000-ad-tech/ad-load.git#35084ad1690a1b01642f1f3993d108611926c36f",
        "ad-utils": "git://github.com/ff0000-ad-tech/ad-utils.git#c69f348c18df4cc9bc23cd8d2fa04a24f0035edf"
      },
      "dependencies": {
        "ad-utils": {
          "version": "git://github.com/ff0000-ad-tech/ad-utils.git#c69f348c18df4cc9bc23cd8d2fa04a24f0035edf",
          "requires": {
            "ad-view": "git://github.com/ff0000-ad-tech/ad-view.git#ac15418126b96d742b09a719bb9c0e67e1fdd625"
          }
        }
      }
    },
    "ad-geom": {
      "version": "git://github.com/ff0000-ad-tech/ad-geom.git#4128954ff5d6196af548581961b2f14e33f0840e",
      "requires": {
        "ad-utils": "git://github.com/ff0000-ad-tech/ad-utils.git#c69f348c18df4cc9bc23cd8d2fa04a24f0035edf"
      },
      "dependencies": {
        "ad-utils": {
          "version": "git://github.com/ff0000-ad-tech/ad-utils.git#c69f348c18df4cc9bc23cd8d2fa04a24f0035edf",
          "requires": {
            "ad-view": "git://github.com/ff0000-ad-tech/ad-view.git#ac15418126b96d742b09a719bb9c0e67e1fdd625"
          }
        }
      }
    },
    "ad-legacy": {
      "version": "git://github.com/ff0000-ad-tech/ad-legacy.git#b306dd86add0d2087372d457b15bd2542b7655a1",
      "requires": {
        "ad-events": "git://github.com/ff0000-ad-tech/ad-events.git#238f7597d40d72eff5f940dc0c681be55ce1dd14",
        "ad-utils": "git://github.com/ff0000-ad-tech/ad-utils.git#c69f348c18df4cc9bc23cd8d2fa04a24f0035edf",
        "ad-view": "git://github.com/ff0000-ad-tech/ad-view.git#ac15418126b96d742b09a719bb9c0e67e1fdd625"
      },
      "dependencies": {
        "ad-utils": {
          "version": "git://github.com/ff0000-ad-tech/ad-utils.git#c69f348c18df4cc9bc23cd8d2fa04a24f0035edf",
          "requires": {
            "ad-view": "git://github.com/ff0000-ad-tech/ad-view.git#ac15418126b96d742b09a719bb9c0e67e1fdd625"
          }
        }
      }
    },
    "ad-load": {
      "version": "git://github.com/ff0000-ad-tech/ad-load.git#35084ad1690a1b01642f1f3993d108611926c36f"
    },
    "ad-view": {
      "version": "git://github.com/ff0000-ad-tech/ad-view.git#ac15418126b96d742b09a719bb9c0e67e1fdd625",
      "requires": {
        "ad-control": "git://github.com/ff0000-ad-tech/ad-control.git#53dea99ba50b50efb2ac76e03c874143519116e3",
        "ad-utils": "git://github.com/ff0000-ad-tech/ad-utils.git#c69f348c18df4cc9bc23cd8d2fa04a24f0035edf"
      },
      "dependencies": {
        "ad-utils": {
          "version": "git://github.com/ff0000-ad-tech/ad-utils.git#c69f348c18df4cc9bc23cd8d2fa04a24f0035edf",
          "requires": {
            "ad-view": "git://github.com/ff0000-ad-tech/ad-view.git#ac15418126b96d742b09a719bb9c0e67e1fdd625"
          }
        }
      }
    }
  }
}
