{
  "name": "ad-view",
  "version": "1.0.0",
  "lockfileVersion": 1,
  "requires": true,
  "dependencies": {
    "ad-control": {
      "version": "file:../ad-control",
      "requires": {
        "ad-events": "file:../ad-events",
        "ad-external": "file:../ad-external",
        "ad-geom": "file:../ad-geom",
        "ad-load": "file:../ad-load"
      },
      "dependencies": {
        "ad-events": {
          "version": "file:../ad-events",
          "bundled": true
        },
        "ad-external": {
          "version": "file:../ad-external",
          "bundled": true
        },
        "ad-geom": {
          "version": "file:../ad-geom",
          "bundled": true
        },
        "ad-load": {
          "version": "file:../ad-load",
          "bundled": true
        }
      }
    }
  }
}
